
Microsoft Visual Studio Solution File, Format Version 12.00
# Visual Studio Version 16
VisualStudioVersion = 16.0.30002.166
MinimumVisualStudioVersion = 10.0.40219.1
Project("{FAE04EC0-301F-11D3-BF4B-00C04F79EFBC}") = "Pharmacy system", "Pharmacy system\Pharmacy system.csproj", "{A25A32EC-4772-464F-8385-EFC061EBDC82}"
EndProject
Global
	GlobalSection(SolutionConfigurationPlatforms) = preSolution
		Debug|Any CPU = Debug|Any CPU
		Release|Any CPU = Release|Any CPU
	EndGlobalSection
	GlobalSection(ProjectConfigurationPlatforms) = postSolution
		{A25A32EC-4772-464F-8385-EFC061EBDC82}.Debug|Any CPU.ActiveCfg = Debug|Any CPU
		{A25A32EC-4772-464F-8385-EFC061EBDC82}.Debug|Any CPU.Build.0 = Debug|Any CPU
		{A25A32EC-4772-464F-8385-EFC061EBDC82}.Release|Any CPU.ActiveCfg = Release|Any CPU
		{A25A32EC-4772-464F-8385-EFC061EBDC82}.Release|Any CPU.Build.0 = Release|Any CPU
	EndGlobalSection
	GlobalSection(SolutionProperties) = preSolution
		HideSolutionNode = FALSE
	EndGlobalSection
	GlobalSection(ExtensibilityGlobals) = postSolution
		SolutionGuid = {F1948534-D05E-4E07-9891-E653003D8C93}
	EndGlobalSection
EndGlobal
